
Microsoft Visual Studio Solution File, Format Version 11.00
# Visual Studio 2010
Project("{FAE04EC0-301F-11D3-BF4B-00C04F79EFBC}") = "LiveMusicFriend", "LiveMusicFriend\LiveMusicFriend.csproj", "{12B41226-82AD-4D22-BCE6-57B02175801C}"
EndProject
Global
	GlobalSection(SolutionConfigurationPlatforms) = preSolution
		Debug|Any CPU = Debug|Any CPU
		Release|Any CPU = Release|Any CPU
	EndGlobalSection
	GlobalSection(ProjectConfigurationPlatforms) = postSolution
		{12B41226-82AD-4D22-BCE6-57B02175801C}.Debug|Any CPU.ActiveCfg = Debug|Any CPU
		{12B41226-82AD-4D22-BCE6-57B02175801C}.Debug|Any CPU.Build.0 = Debug|Any CPU
		{12B41226-82AD-4D22-BCE6-57B02175801C}.Release|Any CPU.ActiveCfg = Release|Any CPU
		{12B41226-82AD-4D22-BCE6-57B02175801C}.Release|Any CPU.Build.0 = Release|Any CPU
	EndGlobalSection
	GlobalSection(SolutionProperties) = preSolution
		HideSolutionNode = FALSE
	EndGlobalSection
EndGlobal
